
Microsoft Visual Studio Solution File, Format Version 12.00
Project("{FAE04EC0-301F-11D3-BF4B-00C04F79EFBC}") = "AZ204-DadJokes", "AZ204-DadJokes\AZ204-DadJokes.csproj", "{172CAF4D-264C-4BF9-A085-CA1B66CB5244}"
EndProject
Global
	GlobalSection(SolutionConfigurationPlatforms) = preSolution
		Debug|Any CPU = Debug|Any CPU
		Release|Any CPU = Release|Any CPU
	EndGlobalSection
	GlobalSection(ProjectConfigurationPlatforms) = postSolution
		{172CAF4D-264C-4BF9-A085-CA1B66CB5244}.Debug|Any CPU.ActiveCfg = Debug|Any CPU
		{172CAF4D-264C-4BF9-A085-CA1B66CB5244}.Debug|Any CPU.Build.0 = Debug|Any CPU
		{172CAF4D-264C-4BF9-A085-CA1B66CB5244}.Release|Any CPU.ActiveCfg = Release|Any CPU
		{172CAF4D-264C-4BF9-A085-CA1B66CB5244}.Release|Any CPU.Build.0 = Release|Any CPU
	EndGlobalSection
EndGlobal
